
Microsoft Visual Studio Solution File, Format Version 12.00
# Visual Studio Version 16
VisualStudioVersion = 16.0.30320.27
MinimumVisualStudioVersion = 10.0.40219.1
Project("{FAE04EC0-301F-11D3-BF4B-00C04F79EFBC}") = "SBC Shuttle", "LoginPage01\SBC Shuttle.csproj", "{86FD2312-9C73-4221-B007-B4B7DE7E59BC}"
EndProject
Project("{FAE04EC0-301F-11D3-BF4B-00C04F79EFBC}") = "SBC ShuttleTests", "SBC ShuttleTests\SBC ShuttleTests.csproj", "{6AB75D4E-263C-433C-982F-E746FC7C4B52}"
EndProject
Global
	GlobalSection(SolutionConfigurationPlatforms) = preSolution
		Debug|Any CPU = Debug|Any CPU
		Release|Any CPU = Release|Any CPU
	EndGlobalSection
	GlobalSection(ProjectConfigurationPlatforms) = postSolution
		{86FD2312-9C73-4221-B007-B4B7DE7E59BC}.Debug|Any CPU.ActiveCfg = Debug|Any CPU
		{86FD2312-9C73-4221-B007-B4B7DE7E59BC}.Debug|Any CPU.Build.0 = Debug|Any CPU
		{86FD2312-9C73-4221-B007-B4B7DE7E59BC}.Release|Any CPU.ActiveCfg = Release|Any CPU
		{86FD2312-9C73-4221-B007-B4B7DE7E59BC}.Release|Any CPU.Build.0 = Release|Any CPU
		{6AB75D4E-263C-433C-982F-E746FC7C4B52}.Debug|Any CPU.ActiveCfg = Debug|Any CPU
		{6AB75D4E-263C-433C-982F-E746FC7C4B52}.Debug|Any CPU.Build.0 = Debug|Any CPU
		{6AB75D4E-263C-433C-982F-E746FC7C4B52}.Release|Any CPU.ActiveCfg = Release|Any CPU
		{6AB75D4E-263C-433C-982F-E746FC7C4B52}.Release|Any CPU.Build.0 = Release|Any CPU
	EndGlobalSection
	GlobalSection(SolutionProperties) = preSolution
		HideSolutionNode = FALSE
	EndGlobalSection
	GlobalSection(ExtensibilityGlobals) = postSolution
		SolutionGuid = {C4887DD2-36BF-4404-BFA6-71BC19095C2E}
	EndGlobalSection
EndGlobal
